
Microsoft Visual Studio Solution File, Format Version 12.00
# Visual Studio Version 17
VisualStudioVersion = 17.0.31912.275
MinimumVisualStudioVersion = 10.0.40219.1
Project("{FAE04EC0-301F-11D3-BF4B-00C04F79EFBC}") = "[$project_name].web", "[$project_name].web\[$project_name].web.csproj", "{7090CDE9-3257-439C-B3C8-3BE0DC0245A4}"
EndProject
Project("{FAE04EC0-301F-11D3-BF4B-00C04F79EFBC}") = "[$project_name].domain", "[$project_name].domain\[$project_name].domain.csproj", "{52429BC0-52E4-4FAC-A2D6-391D97805F3B}"
EndProject
Project("{FAE04EC0-301F-11D3-BF4B-00C04F79EFBC}") = "[$project_name].infrastructure", "[$project_name].infrastructure\[$project_name].infrastructure.csproj", "{D8D52E15-6DD0-4740-88C6-53DAD5ED4E11}"
EndProject
Project("{FAE04EC0-301F-11D3-BF4B-00C04F79EFBC}") = "[$project_name].application", "[$project_name].application\[$project_name].application.csproj", "{0FA1641D-D155-4A43-8B4B-97C9698369EE}"
EndProject
Project("{FAE04EC0-301F-11D3-BF4B-00C04F79EFBC}") = "[$project_name].utils", "[$project_name].utils\[$project_name].utils.csproj", "{9B68E12B-98CD-407C-AB6D-3E62A99CAA8A}"
EndProject
Project("{FAE04EC0-301F-11D3-BF4B-00C04F79EFBC}") = "[$project_name].test", "[$project_name].test\[$project_name].test.csproj", "{B3FAEFBF-5E91-4666-9401-6B7EC3F42BED}"
EndProject
Project("{FAE04EC0-301F-11D3-BF4B-00C04F79EFBC}") = "[$project_name].api", "[$project_name].api\[$project_name].api.csproj", "{0CF8E1ED-6567-480B-8502-2C20F60EB65E}"
EndProject
Global
	GlobalSection(SolutionConfigurationPlatforms) = preSolution
		Debug|Any CPU = Debug|Any CPU
		Release|Any CPU = Release|Any CPU
	EndGlobalSection
	GlobalSection(ProjectConfigurationPlatforms) = postSolution
		{7090CDE9-3257-439C-B3C8-3BE0DC0245A4}.Debug|Any CPU.ActiveCfg = Debug|Any CPU
		{7090CDE9-3257-439C-B3C8-3BE0DC0245A4}.Debug|Any CPU.Build.0 = Debug|Any CPU
		{7090CDE9-3257-439C-B3C8-3BE0DC0245A4}.Release|Any CPU.ActiveCfg = Release|Any CPU
		{7090CDE9-3257-439C-B3C8-3BE0DC0245A4}.Release|Any CPU.Build.0 = Release|Any CPU
		{52429BC0-52E4-4FAC-A2D6-391D97805F3B}.Debug|Any CPU.ActiveCfg = Debug|Any CPU
		{52429BC0-52E4-4FAC-A2D6-391D97805F3B}.Debug|Any CPU.Build.0 = Debug|Any CPU
		{52429BC0-52E4-4FAC-A2D6-391D97805F3B}.Release|Any CPU.ActiveCfg = Release|Any CPU
		{52429BC0-52E4-4FAC-A2D6-391D97805F3B}.Release|Any CPU.Build.0 = Release|Any CPU
		{D8D52E15-6DD0-4740-88C6-53DAD5ED4E11}.Debug|Any CPU.ActiveCfg = Debug|Any CPU
		{D8D52E15-6DD0-4740-88C6-53DAD5ED4E11}.Debug|Any CPU.Build.0 = Debug|Any CPU
		{D8D52E15-6DD0-4740-88C6-53DAD5ED4E11}.Release|Any CPU.ActiveCfg = Release|Any CPU
		{D8D52E15-6DD0-4740-88C6-53DAD5ED4E11}.Release|Any CPU.Build.0 = Release|Any CPU
		{0FA1641D-D155-4A43-8B4B-97C9698369EE}.Debug|Any CPU.ActiveCfg = Debug|Any CPU
		{0FA1641D-D155-4A43-8B4B-97C9698369EE}.Debug|Any CPU.Build.0 = Debug|Any CPU
		{0FA1641D-D155-4A43-8B4B-97C9698369EE}.Release|Any CPU.ActiveCfg = Release|Any CPU
		{0FA1641D-D155-4A43-8B4B-97C9698369EE}.Release|Any CPU.Build.0 = Release|Any CPU
		{9B68E12B-98CD-407C-AB6D-3E62A99CAA8A}.Debug|Any CPU.ActiveCfg = Debug|Any CPU
		{9B68E12B-98CD-407C-AB6D-3E62A99CAA8A}.Debug|Any CPU.Build.0 = Debug|Any CPU
		{9B68E12B-98CD-407C-AB6D-3E62A99CAA8A}.Release|Any CPU.ActiveCfg = Release|Any CPU
		{9B68E12B-98CD-407C-AB6D-3E62A99CAA8A}.Release|Any CPU.Build.0 = Release|Any CPU
		{B3FAEFBF-5E91-4666-9401-6B7EC3F42BED}.Debug|Any CPU.ActiveCfg = Debug|Any CPU
		{B3FAEFBF-5E91-4666-9401-6B7EC3F42BED}.Debug|Any CPU.Build.0 = Debug|Any CPU
		{B3FAEFBF-5E91-4666-9401-6B7EC3F42BED}.Release|Any CPU.ActiveCfg = Release|Any CPU
		{B3FAEFBF-5E91-4666-9401-6B7EC3F42BED}.Release|Any CPU.Build.0 = Release|Any CPU
		{0CF8E1ED-6567-480B-8502-2C20F60EB65E}.Debug|Any CPU.ActiveCfg = Debug|Any CPU
		{0CF8E1ED-6567-480B-8502-2C20F60EB65E}.Debug|Any CPU.Build.0 = Debug|Any CPU
		{0CF8E1ED-6567-480B-8502-2C20F60EB65E}.Release|Any CPU.ActiveCfg = Release|Any CPU
		{0CF8E1ED-6567-480B-8502-2C20F60EB65E}.Release|Any CPU.Build.0 = Release|Any CPU
	EndGlobalSection
	GlobalSection(SolutionProperties) = preSolution
		HideSolutionNode = FALSE
	EndGlobalSection
	GlobalSection(ExtensibilityGlobals) = postSolution
		SolutionGuid = {06C4A052-40A8-4E1B-A975-51B887CEF44D}
	EndGlobalSection
EndGlobal
